// !$*UTF8*$!
{
	archiveVersion = 1;
	classes = {
	};
	objectVersion = 56;
	objects = {

/* Begin PBXBuildFile section */
		B6285ED32CC362ED00218C94 /* TestUtils.swift in Sources */ = {isa = PBXBuildFile; fileRef = B6285ED22CC362ED00218C94 /* TestUtils.swift */; };
		B649B7462C0971AB004364C2 /* Int.swift in Sources */ = {isa = PBXBuildFile; fileRef = B649B7452C0971AB004364C2 /* Int.swift */; };
		B649B7482C0971CC004364C2 /* Double.swift in Sources */ = {isa = PBXBuildFile; fileRef = B649B7472C0971CC004364C2 /* Double.swift */; };
		B67985AB2CBA7D36005E38CB /* FamilyRenderProxyTests.swift in Sources */ = {isa = PBXBuildFile; fileRef = B67985AA2CBA7D36005E38CB /* FamilyRenderProxyTests.swift */; };
		B67985AE2CBA7F33005E38CB /* MockFamilies.swift in Sources */ = {isa = PBXBuildFile; fileRef = B67985AD2CBA7F33005E38CB /* MockFamilies.swift */; };
		B67985B02CBB38E1005E38CB /* FamilyRenderProxyRegressionTests.swift in Sources */ = {isa = PBXBuildFile; fileRef = B67985AF2CBB38E1005E38CB /* FamilyRenderProxyRegressionTests.swift */; };
		B67985B22CBB6E7E005E38CB /* TraceStack.swift in Sources */ = {isa = PBXBuildFile; fileRef = B67985B12CBB6E7E005E38CB /* TraceStack.swift */; };
		B67985B52CBB6F4C005E38CB /* Trace.swift in Sources */ = {isa = PBXBuildFile; fileRef = B67985B42CBB6F4C005E38CB /* Trace.swift */; };
		B6E308762BD002B70032B923 /* AppDelegate.swift in Sources */ = {isa = PBXBuildFile; fileRef = B6E308752BD002B70032B923 /* AppDelegate.swift */; };
		B6E308782BD002B70032B923 /* SceneDelegate.swift in Sources */ = {isa = PBXBuildFile; fileRef = B6E308772BD002B70032B923 /* SceneDelegate.swift */; };
		B6E3087A2BD002B70032B923 /* ViewController.swift in Sources */ = {isa = PBXBuildFile; fileRef = B6E308792BD002B70032B923 /* ViewController.swift */; };
		B6E3087D2BD002B70032B923 /* Main.storyboard in Resources */ = {isa = PBXBuildFile; fileRef = B6E3087B2BD002B70032B923 /* Main.storyboard */; };
		B6E3087F2BD002B80032B923 /* Assets.xcassets in Resources */ = {isa = PBXBuildFile; fileRef = B6E3087E2BD002B80032B923 /* Assets.xcassets */; };
		B6E308822BD002B80032B923 /* LaunchScreen.storyboard in Resources */ = {isa = PBXBuildFile; fileRef = B6E308802BD002B80032B923 /* LaunchScreen.storyboard */; };
		B6E308972BD002B80032B923 /* FamUITests.swift in Sources */ = {isa = PBXBuildFile; fileRef = B6E308962BD002B80032B923 /* FamUITests.swift */; };
		B6E308992BD002B80032B923 /* FamUITestsLaunchTests.swift in Sources */ = {isa = PBXBuildFile; fileRef = B6E308982BD002B80032B923 /* FamUITestsLaunchTests.swift */; };
		B6E308A72BD003290032B923 /* SwiftSerialization in Frameworks */ = {isa = PBXBuildFile; productRef = B6E308A62BD003290032B923 /* SwiftSerialization */; };
		B6E308AA2BD003360032B923 /* SwiftMath in Frameworks */ = {isa = PBXBuildFile; productRef = B6E308A92BD003360032B923 /* SwiftMath */; };
		B6E308AF2BD004230032B923 /* Environment.swift in Sources */ = {isa = PBXBuildFile; fileRef = B6E308AE2BD004230032B923 /* Environment.swift */; };
		B6E308B92BD0059E0032B923 /* NumericComparisons.swift in Sources */ = {isa = PBXBuildFile; fileRef = B6E308B82BD0059E0032B923 /* NumericComparisons.swift */; };
		B6E308BD2BD009C60032B923 /* Family.swift in Sources */ = {isa = PBXBuildFile; fileRef = B6E308BC2BD009C60032B923 /* Family.swift */; };
		B6E308BF2BD009D50032B923 /* FamilyMember.swift in Sources */ = {isa = PBXBuildFile; fileRef = B6E308BE2BD009D50032B923 /* FamilyMember.swift */; };
		B6E308C12BD00E1D0032B923 /* FamilyMemberRenderProxy.swift in Sources */ = {isa = PBXBuildFile; fileRef = B6E308C02BD00E1D0032B923 /* FamilyMemberRenderProxy.swift */; };
		B6E308C32BD00EBB0032B923 /* FamilyRenderProxy.swift in Sources */ = {isa = PBXBuildFile; fileRef = B6E308C22BD00EBB0032B923 /* FamilyRenderProxy.swift */; };
		B6E308C52BD00F470032B923 /* CanvasController.swift in Sources */ = {isa = PBXBuildFile; fileRef = B6E308C42BD00F470032B923 /* CanvasController.swift */; };
		B6E308DE2BD0114B0032B923 /* FamVStack.swift in Sources */ = {isa = PBXBuildFile; fileRef = B6E308C72BD0114B0032B923 /* FamVStack.swift */; };
		B6E308DF2BD0114B0032B923 /* FamHStack.swift in Sources */ = {isa = PBXBuildFile; fileRef = B6E308C82BD0114B0032B923 /* FamHStack.swift */; };
		B6E308E02BD0114B0032B923 /* FamScrollView.swift in Sources */ = {isa = PBXBuildFile; fileRef = B6E308C92BD0114B0032B923 /* FamScrollView.swift */; };
		B6E308E12BD0114B0032B923 /* FamControl.swift in Sources */ = {isa = PBXBuildFile; fileRef = B6E308CB2BD0114B0032B923 /* FamControl.swift */; };
		B6E308E22BD0114B0032B923 /* FamUIView.swift in Sources */ = {isa = PBXBuildFile; fileRef = B6E308CC2BD0114B0032B923 /* FamUIView.swift */; };
		B6E308E32BD0114B0032B923 /* FamGestureView.swift in Sources */ = {isa = PBXBuildFile; fileRef = B6E308CD2BD0114B0032B923 /* FamGestureView.swift */; };
		B6E308E42BD0114B0032B923 /* FamContextMenuView.swift in Sources */ = {isa = PBXBuildFile; fileRef = B6E308CE2BD0114B0032B923 /* FamContextMenuView.swift */; };
		B6E308E52BD0114B0032B923 /* FamChipToggle.swift in Sources */ = {isa = PBXBuildFile; fileRef = B6E308D02BD0114B0032B923 /* FamChipToggle.swift */; };
		B6E308E62BD0114B0032B923 /* FamText.swift in Sources */ = {isa = PBXBuildFile; fileRef = B6E308D12BD0114B0032B923 /* FamText.swift */; };
		B6E308E72BD0114B0032B923 /* FamIconButton.swift in Sources */ = {isa = PBXBuildFile; fileRef = B6E308D22BD0114B0032B923 /* FamIconButton.swift */; };
		B6E308E82BD0114B0032B923 /* FamChipButton.swift in Sources */ = {isa = PBXBuildFile; fileRef = B6E308D32BD0114B0032B923 /* FamChipButton.swift */; };
		B6E308E92BD0114B0032B923 /* FamChipTextButton.swift in Sources */ = {isa = PBXBuildFile; fileRef = B6E308D42BD0114B0032B923 /* FamChipTextButton.swift */; };
		B6E308EA2BD0114B0032B923 /* FamDatePicker.swift in Sources */ = {isa = PBXBuildFile; fileRef = B6E308D52BD0114B0032B923 /* FamDatePicker.swift */; };
		B6E308EB2BD0114B0032B923 /* FamTextInput.swift in Sources */ = {isa = PBXBuildFile; fileRef = B6E308D62BD0114B0032B923 /* FamTextInput.swift */; };
		B6E308EC2BD0114B0032B923 /* FamChipMultiState.swift in Sources */ = {isa = PBXBuildFile; fileRef = B6E308D72BD0114B0032B923 /* FamChipMultiState.swift */; };
		B6E308ED2BD0114B0032B923 /* FamButton.swift in Sources */ = {isa = PBXBuildFile; fileRef = B6E308D82BD0114B0032B923 /* FamButton.swift */; };
		B6E308EE2BD0114B0032B923 /* FamSegmentedSlider.swift in Sources */ = {isa = PBXBuildFile; fileRef = B6E308D92BD0114B0032B923 /* FamSegmentedSlider.swift */; };
		B6E308EF2BD0114B0032B923 /* FamView.swift in Sources */ = {isa = PBXBuildFile; fileRef = B6E308DA2BD0114B0032B923 /* FamView.swift */; };
		B6E308F02BD0114B0032B923 /* FamLabelledMultilineTextInput.swift in Sources */ = {isa = PBXBuildFile; fileRef = B6E308DB2BD0114B0032B923 /* FamLabelledMultilineTextInput.swift */; };
		B6E308F12BD0114B0032B923 /* FamImage.swift in Sources */ = {isa = PBXBuildFile; fileRef = B6E308DC2BD0114B0032B923 /* FamImage.swift */; };
		B6E308F22BD0114B0032B923 /* FamLabelledTextInput.swift in Sources */ = {isa = PBXBuildFile; fileRef = B6E308DD2BD0114B0032B923 /* FamLabelledTextInput.swift */; };
		B6E308FB2BD011A30032B923 /* FamColors.swift in Sources */ = {isa = PBXBuildFile; fileRef = B6E308F82BD011A30032B923 /* FamColors.swift */; };
		B6E308FC2BD011A30032B923 /* FamFonts.swift in Sources */ = {isa = PBXBuildFile; fileRef = B6E308F92BD011A30032B923 /* FamFonts.swift */; };
		B6E308FD2BD011A30032B923 /* FamDimensions.swift in Sources */ = {isa = PBXBuildFile; fileRef = B6E308FA2BD011A30032B923 /* FamDimensions.swift */; };
		B6E309012BD05CBD0032B923 /* CoupleConnectionRenderProxy.swift in Sources */ = {isa = PBXBuildFile; fileRef = B6E309002BD05CBD0032B923 /* CoupleConnectionRenderProxy.swift */; };
		B6E309032BD05D250032B923 /* ChildConnectionRenderProxy.swift in Sources */ = {isa = PBXBuildFile; fileRef = B6E309022BD05D250032B923 /* ChildConnectionRenderProxy.swift */; };
		B6E936D92C32D7A90044AAB9 /* FamilyRenderProxyUtil.swift in Sources */ = {isa = PBXBuildFile; fileRef = B6E936D82C32D7A90044AAB9 /* FamilyRenderProxyUtil.swift */; };
		B6E936DB2C3847440044AAB9 /* HorizontalDirection.swift in Sources */ = {isa = PBXBuildFile; fileRef = B6E936DA2C3847440044AAB9 /* HorizontalDirection.swift */; };
/* End PBXBuildFile section */

/* Begin PBXContainerItemProxy section */
		B6E308892BD002B80032B923 /* PBXContainerItemProxy */ = {
			isa = PBXContainerItemProxy;
			containerPortal = B6E3086A2BD002B70032B923 /* Project object */;
			proxyType = 1;
			remoteGlobalIDString = B6E308712BD002B70032B923;
			remoteInfo = Fam;
		};
		B6E308932BD002B80032B923 /* PBXContainerItemProxy */ = {
			isa = PBXContainerItemProxy;
			containerPortal = B6E3086A2BD002B70032B923 /* Project object */;
			proxyType = 1;
			remoteGlobalIDString = B6E308712BD002B70032B923;
			remoteInfo = Fam;
		};
/* End PBXContainerItemProxy section */

/* Begin PBXFileReference section */
		B6285ED22CC362ED00218C94 /* TestUtils.swift */ = {isa = PBXFileReference; lastKnownFileType = sourcecode.swift; path = TestUtils.swift; sourceTree = "<group>"; };
		B649B7452C0971AB004364C2 /* Int.swift */ = {isa = PBXFileReference; lastKnownFileType = sourcecode.swift; path = Int.swift; sourceTree = "<group>"; };
		B649B7472C0971CC004364C2 /* Double.swift */ = {isa = PBXFileReference; lastKnownFileType = sourcecode.swift; path = Double.swift; sourceTree = "<group>"; };
		B67985AA2CBA7D36005E38CB /* FamilyRenderProxyTests.swift */ = {isa = PBXFileReference; lastKnownFileType = sourcecode.swift; path = FamilyRenderProxyTests.swift; sourceTree = "<group>"; };
		B67985AD2CBA7F33005E38CB /* MockFamilies.swift */ = {isa = PBXFileReference; lastKnownFileType = sourcecode.swift; path = MockFamilies.swift; sourceTree = "<group>"; };
		B67985AF2CBB38E1005E38CB /* FamilyRenderProxyRegressionTests.swift */ = {isa = PBXFileReference; lastKnownFileType = sourcecode.swift; path = FamilyRenderProxyRegressionTests.swift; sourceTree = "<group>"; };
		B67985B12CBB6E7E005E38CB /* TraceStack.swift */ = {isa = PBXFileReference; lastKnownFileType = sourcecode.swift; path = TraceStack.swift; sourceTree = "<group>"; };
		B67985B42CBB6F4C005E38CB /* Trace.swift */ = {isa = PBXFileReference; lastKnownFileType = sourcecode.swift; path = Trace.swift; sourceTree = "<group>"; };
		B6E308722BD002B70032B923 /* Fam.app */ = {isa = PBXFileReference; explicitFileType = wrapper.application; includeInIndex = 0; path = Fam.app; sourceTree = BUILT_PRODUCTS_DIR; };
		B6E308752BD002B70032B923 /* AppDelegate.swift */ = {isa = PBXFileReference; lastKnownFileType = sourcecode.swift; path = AppDelegate.swift; sourceTree = "<group>"; };
		B6E308772BD002B70032B923 /* SceneDelegate.swift */ = {isa = PBXFileReference; lastKnownFileType = sourcecode.swift; path = SceneDelegate.swift; sourceTree = "<group>"; };
		B6E308792BD002B70032B923 /* ViewController.swift */ = {isa = PBXFileReference; lastKnownFileType = sourcecode.swift; path = ViewController.swift; sourceTree = "<group>"; };
		B6E3087C2BD002B70032B923 /* Base */ = {isa = PBXFileReference; lastKnownFileType = file.storyboard; name = Base; path = Base.lproj/Main.storyboard; sourceTree = "<group>"; };
		B6E3087E2BD002B80032B923 /* Assets.xcassets */ = {isa = PBXFileReference; lastKnownFileType = folder.assetcatalog; path = Assets.xcassets; sourceTree = "<group>"; };
		B6E308812BD002B80032B923 /* Base */ = {isa = PBXFileReference; lastKnownFileType = file.storyboard; name = Base; path = Base.lproj/LaunchScreen.storyboard; sourceTree = "<group>"; };
		B6E308832BD002B80032B923 /* Info.plist */ = {isa = PBXFileReference; lastKnownFileType = text.plist.xml; path = Info.plist; sourceTree = "<group>"; };
		B6E308882BD002B80032B923 /* FamTests.xctest */ = {isa = PBXFileReference; explicitFileType = wrapper.cfbundle; includeInIndex = 0; path = FamTests.xctest; sourceTree = BUILT_PRODUCTS_DIR; };
		B6E308922BD002B80032B923 /* FamUITests.xctest */ = {isa = PBXFileReference; explicitFileType = wrapper.cfbundle; includeInIndex = 0; path = FamUITests.xctest; sourceTree = BUILT_PRODUCTS_DIR; };
		B6E308962BD002B80032B923 /* FamUITests.swift */ = {isa = PBXFileReference; lastKnownFileType = sourcecode.swift; path = FamUITests.swift; sourceTree = "<group>"; };
		B6E308982BD002B80032B923 /* FamUITestsLaunchTests.swift */ = {isa = PBXFileReference; lastKnownFileType = sourcecode.swift; path = FamUITestsLaunchTests.swift; sourceTree = "<group>"; };
		B6E308AE2BD004230032B923 /* Environment.swift */ = {isa = PBXFileReference; lastKnownFileType = sourcecode.swift; path = Environment.swift; sourceTree = "<group>"; };
		B6E308B82BD0059E0032B923 /* NumericComparisons.swift */ = {isa = PBXFileReference; lastKnownFileType = sourcecode.swift; path = NumericComparisons.swift; sourceTree = "<group>"; };
		B6E308BC2BD009C60032B923 /* Family.swift */ = {isa = PBXFileReference; lastKnownFileType = sourcecode.swift; path = Family.swift; sourceTree = "<group>"; };
		B6E308BE2BD009D50032B923 /* FamilyMember.swift */ = {isa = PBXFileReference; lastKnownFileType = sourcecode.swift; path = FamilyMember.swift; sourceTree = "<group>"; };
		B6E308C02BD00E1D0032B923 /* FamilyMemberRenderProxy.swift */ = {isa = PBXFileReference; lastKnownFileType = sourcecode.swift; path = FamilyMemberRenderProxy.swift; sourceTree = "<group>"; };
		B6E308C22BD00EBB0032B923 /* FamilyRenderProxy.swift */ = {isa = PBXFileReference; lastKnownFileType = sourcecode.swift; path = FamilyRenderProxy.swift; sourceTree = "<group>"; };
		B6E308C42BD00F470032B923 /* CanvasController.swift */ = {isa = PBXFileReference; lastKnownFileType = sourcecode.swift; path = CanvasController.swift; sourceTree = "<group>"; };
		B6E308C72BD0114B0032B923 /* FamVStack.swift */ = {isa = PBXFileReference; fileEncoding = 4; lastKnownFileType = sourcecode.swift; path = FamVStack.swift; sourceTree = "<group>"; };
		B6E308C82BD0114B0032B923 /* FamHStack.swift */ = {isa = PBXFileReference; fileEncoding = 4; lastKnownFileType = sourcecode.swift; path = FamHStack.swift; sourceTree = "<group>"; };
		B6E308C92BD0114B0032B923 /* FamScrollView.swift */ = {isa = PBXFileReference; fileEncoding = 4; lastKnownFileType = sourcecode.swift; path = FamScrollView.swift; sourceTree = "<group>"; };
		B6E308CB2BD0114B0032B923 /* FamControl.swift */ = {isa = PBXFileReference; fileEncoding = 4; lastKnownFileType = sourcecode.swift; path = FamControl.swift; sourceTree = "<group>"; };
		B6E308CC2BD0114B0032B923 /* FamUIView.swift */ = {isa = PBXFileReference; fileEncoding = 4; lastKnownFileType = sourcecode.swift; path = FamUIView.swift; sourceTree = "<group>"; };
		B6E308CD2BD0114B0032B923 /* FamGestureView.swift */ = {isa = PBXFileReference; fileEncoding = 4; lastKnownFileType = sourcecode.swift; path = FamGestureView.swift; sourceTree = "<group>"; };
		B6E308CE2BD0114B0032B923 /* FamContextMenuView.swift */ = {isa = PBXFileReference; fileEncoding = 4; lastKnownFileType = sourcecode.swift; path = FamContextMenuView.swift; sourceTree = "<group>"; };
		B6E308D02BD0114B0032B923 /* FamChipToggle.swift */ = {isa = PBXFileReference; fileEncoding = 4; lastKnownFileType = sourcecode.swift; path = FamChipToggle.swift; sourceTree = "<group>"; };
		B6E308D12BD0114B0032B923 /* FamText.swift */ = {isa = PBXFileReference; fileEncoding = 4; lastKnownFileType = sourcecode.swift; path = FamText.swift; sourceTree = "<group>"; };
		B6E308D22BD0114B0032B923 /* FamIconButton.swift */ = {isa = PBXFileReference; fileEncoding = 4; lastKnownFileType = sourcecode.swift; path = FamIconButton.swift; sourceTree = "<group>"; };
		B6E308D32BD0114B0032B923 /* FamChipButton.swift */ = {isa = PBXFileReference; fileEncoding = 4; lastKnownFileType = sourcecode.swift; path = FamChipButton.swift; sourceTree = "<group>"; };
		B6E308D42BD0114B0032B923 /* FamChipTextButton.swift */ = {isa = PBXFileReference; fileEncoding = 4; lastKnownFileType = sourcecode.swift; path = FamChipTextButton.swift; sourceTree = "<group>"; };
		B6E308D52BD0114B0032B923 /* FamDatePicker.swift */ = {isa = PBXFileReference; fileEncoding = 4; lastKnownFileType = sourcecode.swift; path = FamDatePicker.swift; sourceTree = "<group>"; };
		B6E308D62BD0114B0032B923 /* FamTextInput.swift */ = {isa = PBXFileReference; fileEncoding = 4; lastKnownFileType = sourcecode.swift; path = FamTextInput.swift; sourceTree = "<group>"; };
		B6E308D72BD0114B0032B923 /* FamChipMultiState.swift */ = {isa = PBXFileReference; fileEncoding = 4; lastKnownFileType = sourcecode.swift; path = FamChipMultiState.swift; sourceTree = "<group>"; };
		B6E308D82BD0114B0032B923 /* FamButton.swift */ = {isa = PBXFileReference; fileEncoding = 4; lastKnownFileType = sourcecode.swift; path = FamButton.swift; sourceTree = "<group>"; };
		B6E308D92BD0114B0032B923 /* FamSegmentedSlider.swift */ = {isa = PBXFileReference; fileEncoding = 4; lastKnownFileType = sourcecode.swift; path = FamSegmentedSlider.swift; sourceTree = "<group>"; };
		B6E308DA2BD0114B0032B923 /* FamView.swift */ = {isa = PBXFileReference; fileEncoding = 4; lastKnownFileType = sourcecode.swift; path = FamView.swift; sourceTree = "<group>"; };
		B6E308DB2BD0114B0032B923 /* FamLabelledMultilineTextInput.swift */ = {isa = PBXFileReference; fileEncoding = 4; lastKnownFileType = sourcecode.swift; path = FamLabelledMultilineTextInput.swift; sourceTree = "<group>"; };
		B6E308DC2BD0114B0032B923 /* FamImage.swift */ = {isa = PBXFileReference; fileEncoding = 4; lastKnownFileType = sourcecode.swift; path = FamImage.swift; sourceTree = "<group>"; };
		B6E308DD2BD0114B0032B923 /* FamLabelledTextInput.swift */ = {isa = PBXFileReference; fileEncoding = 4; lastKnownFileType = sourcecode.swift; path = FamLabelledTextInput.swift; sourceTree = "<group>"; };
		B6E308F82BD011A30032B923 /* FamColors.swift */ = {isa = PBXFileReference; fileEncoding = 4; lastKnownFileType = sourcecode.swift; path = FamColors.swift; sourceTree = "<group>"; };
		B6E308F92BD011A30032B923 /* FamFonts.swift */ = {isa = PBXFileReference; fileEncoding = 4; lastKnownFileType = sourcecode.swift; path = FamFonts.swift; sourceTree = "<group>"; };
		B6E308FA2BD011A30032B923 /* FamDimensions.swift */ = {isa = PBXFileReference; fileEncoding = 4; lastKnownFileType = sourcecode.swift; path = FamDimensions.swift; sourceTree = "<group>"; };
		B6E309002BD05CBD0032B923 /* CoupleConnectionRenderProxy.swift */ = {isa = PBXFileReference; lastKnownFileType = sourcecode.swift; path = CoupleConnectionRenderProxy.swift; sourceTree = "<group>"; };
		B6E309022BD05D250032B923 /* ChildConnectionRenderProxy.swift */ = {isa = PBXFileReference; lastKnownFileType = sourcecode.swift; path = ChildConnectionRenderProxy.swift; sourceTree = "<group>"; };
		B6E936D82C32D7A90044AAB9 /* FamilyRenderProxyUtil.swift */ = {isa = PBXFileReference; lastKnownFileType = sourcecode.swift; path = FamilyRenderProxyUtil.swift; sourceTree = "<group>"; };
		B6E936DA2C3847440044AAB9 /* HorizontalDirection.swift */ = {isa = PBXFileReference; lastKnownFileType = sourcecode.swift; path = HorizontalDirection.swift; sourceTree = "<group>"; };
/* End PBXFileReference section */

/* Begin PBXFrameworksBuildPhase section */
		B6E3086F2BD002B70032B923 /* Frameworks */ = {
			isa = PBXFrameworksBuildPhase;
			buildActionMask = 2147483647;
			files = (
				B6E308AA2BD003360032B923 /* SwiftMath in Frameworks */,
				B6E308A72BD003290032B923 /* SwiftSerialization in Frameworks */,
			);
			runOnlyForDeploymentPostprocessing = 0;
		};
		B6E308852BD002B80032B923 /* Frameworks */ = {
			isa = PBXFrameworksBuildPhase;
			buildActionMask = 2147483647;
			files = (
			);
			runOnlyForDeploymentPostprocessing = 0;
		};
		B6E3088F2BD002B80032B923 /* Frameworks */ = {
			isa = PBXFrameworksBuildPhase;
			buildActionMask = 2147483647;
			files = (
			);
			runOnlyForDeploymentPostprocessing = 0;
		};
/* End PBXFrameworksBuildPhase section */

/* Begin PBXGroup section */
		B6285ED12CC362DE00218C94 /* Testing */ = {
			isa = PBXGroup;
			children = (
				B6285ED22CC362ED00218C94 /* TestUtils.swift */,
			);
			path = Testing;
			sourceTree = "<group>";
		};
		B67985AC2CBA7F00005E38CB /* Mocks */ = {
			isa = PBXGroup;
			children = (
				B67985AD2CBA7F33005E38CB /* MockFamilies.swift */,
			);
			path = Mocks;
			sourceTree = "<group>";
		};
		B67985B32CBB6F2D005E38CB /* Tracing */ = {
			isa = PBXGroup;
			children = (
				B67985B12CBB6E7E005E38CB /* TraceStack.swift */,
				B67985B42CBB6F4C005E38CB /* Trace.swift */,
			);
			path = Tracing;
			sourceTree = "<group>";
		};
		B6E308692BD002B70032B923 = {
			isa = PBXGroup;
			children = (
				B6E308742BD002B70032B923 /* Fam */,
				B6E3088B2BD002B80032B923 /* FamTests */,
				B6E308952BD002B80032B923 /* FamUITests */,
				B6E308732BD002B70032B923 /* Products */,
			);
			sourceTree = "<group>";
		};
		B6E308732BD002B70032B923 /* Products */ = {
			isa = PBXGroup;
			children = (
				B6E308722BD002B70032B923 /* Fam.app */,
				B6E308882BD002B80032B923 /* FamTests.xctest */,
				B6E308922BD002B80032B923 /* FamUITests.xctest */,
			);
			name = Products;
			sourceTree = "<group>";
		};
		B6E308742BD002B70032B923 /* Fam */ = {
			isa = PBXGroup;
			children = (
				B6E308AB2BD003C10032B923 /* App */,
				B6E308B42BD0048D0032B923 /* Swift */,
				B6E308B52BD0049A0032B923 /* Strings */,
				B6E308AD2BD004150032B923 /* Environment */,
				B6E308B02BD004550032B923 /* Model Layer */,
				B6E308B12BD004620032B923 /* Controller Layer */,
				B6E308B32BD004780032B923 /* View Layer */,
			);
			path = Fam;
			sourceTree = "<group>";
		};
		B6E3088B2BD002B80032B923 /* FamTests */ = {
			isa = PBXGroup;
			children = (
				B67985AF2CBB38E1005E38CB /* FamilyRenderProxyRegressionTests.swift */,
				B67985AA2CBA7D36005E38CB /* FamilyRenderProxyTests.swift */,
			);
			path = FamTests;
			sourceTree = "<group>";
		};
		B6E308952BD002B80032B923 /* FamUITests */ = {
			isa = PBXGroup;
			children = (
				B6E308962BD002B80032B923 /* FamUITests.swift */,
				B6E308982BD002B80032B923 /* FamUITestsLaunchTests.swift */,
			);
			path = FamUITests;
			sourceTree = "<group>";
		};
		B6E308AB2BD003C10032B923 /* App */ = {
			isa = PBXGroup;
			children = (
				B6E308AC2BD003CC0032B923 /* Lifecycle */,
				B6E308832BD002B80032B923 /* Info.plist */,
			);
			path = App;
			sourceTree = "<group>";
		};
		B6E308AC2BD003CC0032B923 /* Lifecycle */ = {
			isa = PBXGroup;
			children = (
				B6E308752BD002B70032B923 /* AppDelegate.swift */,
				B6E308772BD002B70032B923 /* SceneDelegate.swift */,
			);
			path = Lifecycle;
			sourceTree = "<group>";
		};
		B6E308AD2BD004150032B923 /* Environment */ = {
			isa = PBXGroup;
			children = (
				B6E308AE2BD004230032B923 /* Environment.swift */,
			);
			path = Environment;
			sourceTree = "<group>";
		};
		B6E308B02BD004550032B923 /* Model Layer */ = {
			isa = PBXGroup;
			children = (
				B6285ED12CC362DE00218C94 /* Testing */,
				B67985B32CBB6F2D005E38CB /* Tracing */,
				B67985AC2CBA7F00005E38CB /* Mocks */,
				B6E309022BD05D250032B923 /* ChildConnectionRenderProxy.swift */,
				B6E309002BD05CBD0032B923 /* CoupleConnectionRenderProxy.swift */,
				B6E308BC2BD009C60032B923 /* Family.swift */,
				B6E308BE2BD009D50032B923 /* FamilyMember.swift */,
				B6E308C02BD00E1D0032B923 /* FamilyMemberRenderProxy.swift */,
				B6E308C22BD00EBB0032B923 /* FamilyRenderProxy.swift */,
				B6E936D82C32D7A90044AAB9 /* FamilyRenderProxyUtil.swift */,
				B6E936DA2C3847440044AAB9 /* HorizontalDirection.swift */,
			);
			path = "Model Layer";
			sourceTree = "<group>";
		};
		B6E308B12BD004620032B923 /* Controller Layer */ = {
			isa = PBXGroup;
			children = (
				B6E308B22BD0046F0032B923 /* Storyboards */,
				B6E308792BD002B70032B923 /* ViewController.swift */,
				B6E308C42BD00F470032B923 /* CanvasController.swift */,
			);
			path = "Controller Layer";
			sourceTree = "<group>";
		};
		B6E308B22BD0046F0032B923 /* Storyboards */ = {
			isa = PBXGroup;
			children = (
				B6E308802BD002B80032B923 /* LaunchScreen.storyboard */,
				B6E3087B2BD002B70032B923 /* Main.storyboard */,
			);
			path = Storyboards;
			sourceTree = "<group>";
		};
		B6E308B32BD004780032B923 /* View Layer */ = {
			isa = PBXGroup;
			children = (
				B6E308F62BD0116F0032B923 /* Views */,
				B6E308F32BD0115A0032B923 /* Assets */,
				B6E308F42BD011620032B923 /* Fonts */,
				B6E308F52BD011690032B923 /* Presets */,
				B6E3087E2BD002B80032B923 /* Assets.xcassets */,
			);
			path = "View Layer";
			sourceTree = "<group>";
		};
		B6E308B42BD0048D0032B923 /* Swift */ = {
			isa = PBXGroup;
			children = (
				B6E308B82BD0059E0032B923 /* NumericComparisons.swift */,
				B649B7452C0971AB004364C2 /* Int.swift */,
				B649B7472C0971CC004364C2 /* Double.swift */,
			);
			path = Swift;
			sourceTree = "<group>";
		};
		B6E308B52BD0049A0032B923 /* Strings */ = {
			isa = PBXGroup;
			children = (
			);
			path = Strings;
			sourceTree = "<group>";
		};
		B6E308C62BD0114B0032B923 /* Containers */ = {
			isa = PBXGroup;
			children = (
				B6E308C72BD0114B0032B923 /* FamVStack.swift */,
				B6E308C82BD0114B0032B923 /* FamHStack.swift */,
				B6E308C92BD0114B0032B923 /* FamScrollView.swift */,
			);
			path = Containers;
			sourceTree = "<group>";
		};
		B6E308CA2BD0114B0032B923 /* Core */ = {
			isa = PBXGroup;
			children = (
				B6E308CB2BD0114B0032B923 /* FamControl.swift */,
				B6E308CC2BD0114B0032B923 /* FamUIView.swift */,
				B6E308CD2BD0114B0032B923 /* FamGestureView.swift */,
				B6E308CE2BD0114B0032B923 /* FamContextMenuView.swift */,
			);
			path = Core;
			sourceTree = "<group>";
		};
		B6E308CF2BD0114B0032B923 /* Basic */ = {
			isa = PBXGroup;
			children = (
				B6E308D02BD0114B0032B923 /* FamChipToggle.swift */,
				B6E308D12BD0114B0032B923 /* FamText.swift */,
				B6E308D22BD0114B0032B923 /* FamIconButton.swift */,
				B6E308D32BD0114B0032B923 /* FamChipButton.swift */,
				B6E308D42BD0114B0032B923 /* FamChipTextButton.swift */,
				B6E308D52BD0114B0032B923 /* FamDatePicker.swift */,
				B6E308D62BD0114B0032B923 /* FamTextInput.swift */,
				B6E308D72BD0114B0032B923 /* FamChipMultiState.swift */,
				B6E308D82BD0114B0032B923 /* FamButton.swift */,
				B6E308D92BD0114B0032B923 /* FamSegmentedSlider.swift */,
				B6E308DA2BD0114B0032B923 /* FamView.swift */,
				B6E308DB2BD0114B0032B923 /* FamLabelledMultilineTextInput.swift */,
				B6E308DC2BD0114B0032B923 /* FamImage.swift */,
				B6E308DD2BD0114B0032B923 /* FamLabelledTextInput.swift */,
			);
			path = Basic;
			sourceTree = "<group>";
		};
		B6E308F32BD0115A0032B923 /* Assets */ = {
			isa = PBXGroup;
			children = (
			);
			path = Assets;
			sourceTree = "<group>";
		};
		B6E308F42BD011620032B923 /* Fonts */ = {
			isa = PBXGroup;
			children = (
			);
			path = Fonts;
			sourceTree = "<group>";
		};
		B6E308F52BD011690032B923 /* Presets */ = {
			isa = PBXGroup;
			children = (
				B6E308F82BD011A30032B923 /* FamColors.swift */,
				B6E308FA2BD011A30032B923 /* FamDimensions.swift */,
				B6E308F92BD011A30032B923 /* FamFonts.swift */,
			);
			path = Presets;
			sourceTree = "<group>";
		};
		B6E308F62BD0116F0032B923 /* Views */ = {
			isa = PBXGroup;
			children = (
				B6E308CF2BD0114B0032B923 /* Basic */,
				B6E308C62BD0114B0032B923 /* Containers */,
				B6E308CA2BD0114B0032B923 /* Core */,
				B6E308F72BD0117A0032B923 /* Custom */,
			);
			path = Views;
			sourceTree = "<group>";
		};
		B6E308F72BD0117A0032B923 /* Custom */ = {
			isa = PBXGroup;
			children = (
			);
			path = Custom;
			sourceTree = "<group>";
		};
/* End PBXGroup section */

/* Begin PBXNativeTarget section */
		B6E308712BD002B70032B923 /* Fam */ = {
			isa = PBXNativeTarget;
			buildConfigurationList = B6E3089C2BD002B80032B923 /* Build configuration list for PBXNativeTarget "Fam" */;
			buildPhases = (
				B6E3086E2BD002B70032B923 /* Sources */,
				B6E3086F2BD002B70032B923 /* Frameworks */,
				B6E308702BD002B70032B923 /* Resources */,
			);
			buildRules = (
			);
			dependencies = (
			);
			name = Fam;
			packageProductDependencies = (
				B6E308A62BD003290032B923 /* SwiftSerialization */,
				B6E308A92BD003360032B923 /* SwiftMath */,
			);
			productName = Fam;
			productReference = B6E308722BD002B70032B923 /* Fam.app */;
			productType = "com.apple.product-type.application";
		};
		B6E308872BD002B80032B923 /* FamTests */ = {
			isa = PBXNativeTarget;
			buildConfigurationList = B6E3089F2BD002B80032B923 /* Build configuration list for PBXNativeTarget "FamTests" */;
			buildPhases = (
				B6E308842BD002B80032B923 /* Sources */,
				B6E308852BD002B80032B923 /* Frameworks */,
				B6E308862BD002B80032B923 /* Resources */,
			);
			buildRules = (
			);
			dependencies = (
				B6E3088A2BD002B80032B923 /* PBXTargetDependency */,
			);
			name = FamTests;
			productName = FamTests;
			productReference = B6E308882BD002B80032B923 /* FamTests.xctest */;
			productType = "com.apple.product-type.bundle.unit-test";
		};
		B6E308912BD002B80032B923 /* FamUITests */ = {
			isa = PBXNativeTarget;
			buildConfigurationList = B6E308A22BD002B80032B923 /* Build configuration list for PBXNativeTarget "FamUITests" */;
			buildPhases = (
				B6E3088E2BD002B80032B923 /* Sources */,
				B6E3088F2BD002B80032B923 /* Frameworks */,
				B6E308902BD002B80032B923 /* Resources */,
			);
			buildRules = (
			);
			dependencies = (
				B6E308942BD002B80032B923 /* PBXTargetDependency */,
			);
			name = FamUITests;
			productName = FamUITests;
			productReference = B6E308922BD002B80032B923 /* FamUITests.xctest */;
			productType = "com.apple.product-type.bundle.ui-testing";
		};
/* End PBXNativeTarget section */

/* Begin PBXProject section */
		B6E3086A2BD002B70032B923 /* Project object */ = {
			isa = PBXProject;
			attributes = {
				BuildIndependentTargetsInParallel = 1;
				LastSwiftUpdateCheck = 1520;
				LastUpgradeCheck = 1520;
				TargetAttributes = {
					B6E308712BD002B70032B923 = {
						CreatedOnToolsVersion = 15.2;
					};
					B6E308872BD002B80032B923 = {
						CreatedOnToolsVersion = 15.2;
						TestTargetID = B6E308712BD002B70032B923;
					};
					B6E308912BD002B80032B923 = {
						CreatedOnToolsVersion = 15.2;
						TestTargetID = B6E308712BD002B70032B923;
					};
				};
			};
			buildConfigurationList = B6E3086D2BD002B70032B923 /* Build configuration list for PBXProject "Fam" */;
			compatibilityVersion = "Xcode 14.0";
			developmentRegion = en;
			hasScannedForEncodings = 0;
			knownRegions = (
				en,
				Base,
			);
			mainGroup = B6E308692BD002B70032B923;
			packageReferences = (
				B6E308A52BD003290032B923 /* XCRemoteSwiftPackageReference "SwiftSerialization" */,
				B6E308A82BD003360032B923 /* XCRemoteSwiftPackageReference "SwiftMath" */,
			);
			productRefGroup = B6E308732BD002B70032B923 /* Products */;
			projectDirPath = "";
			projectRoot = "";
			targets = (
				B6E308712BD002B70032B923 /* Fam */,
				B6E308872BD002B80032B923 /* FamTests */,
				B6E308912BD002B80032B923 /* FamUITests */,
			);
		};
/* End PBXProject section */

/* Begin PBXResourcesBuildPhase section */
		B6E308702BD002B70032B923 /* Resources */ = {
			isa = PBXResourcesBuildPhase;
			buildActionMask = 2147483647;
			files = (
				B6E308822BD002B80032B923 /* LaunchScreen.storyboard in Resources */,
				B6E3087F2BD002B80032B923 /* Assets.xcassets in Resources */,
				B6E3087D2BD002B70032B923 /* Main.storyboard in Resources */,
			);
			runOnlyForDeploymentPostprocessing = 0;
		};
		B6E308862BD002B80032B923 /* Resources */ = {
			isa = PBXResourcesBuildPhase;
			buildActionMask = 2147483647;
			files = (
			);
			runOnlyForDeploymentPostprocessing = 0;
		};
		B6E308902BD002B80032B923 /* Resources */ = {
			isa = PBXResourcesBuildPhase;
			buildActionMask = 2147483647;
			files = (
			);
			runOnlyForDeploymentPostprocessing = 0;
		};
/* End PBXResourcesBuildPhase section */

/* Begin PBXSourcesBuildPhase section */
		B6E3086E2BD002B70032B923 /* Sources */ = {
			isa = PBXSourcesBuildPhase;
			buildActionMask = 2147483647;
			files = (
				B6E308E52BD0114B0032B923 /* FamChipToggle.swift in Sources */,
				B6E308DF2BD0114B0032B923 /* FamHStack.swift in Sources */,
				B6E309032BD05D250032B923 /* ChildConnectionRenderProxy.swift in Sources */,
				B6E308EC2BD0114B0032B923 /* FamChipMultiState.swift in Sources */,
				B6E3087A2BD002B70032B923 /* ViewController.swift in Sources */,
				B6E308E12BD0114B0032B923 /* FamControl.swift in Sources */,
				B6E308C52BD00F470032B923 /* CanvasController.swift in Sources */,
				B6E308E42BD0114B0032B923 /* FamContextMenuView.swift in Sources */,
				B6E308EB2BD0114B0032B923 /* FamTextInput.swift in Sources */,
				B6E308FB2BD011A30032B923 /* FamColors.swift in Sources */,
				B6E308E22BD0114B0032B923 /* FamUIView.swift in Sources */,
				B67985B22CBB6E7E005E38CB /* TraceStack.swift in Sources */,
				B6E308E92BD0114B0032B923 /* FamChipTextButton.swift in Sources */,
				B6E308E32BD0114B0032B923 /* FamGestureView.swift in Sources */,
				B6E308EF2BD0114B0032B923 /* FamView.swift in Sources */,
				B6E308BF2BD009D50032B923 /* FamilyMember.swift in Sources */,
				B6E308EA2BD0114B0032B923 /* FamDatePicker.swift in Sources */,
				B6E308FD2BD011A30032B923 /* FamDimensions.swift in Sources */,
				B6E308AF2BD004230032B923 /* Environment.swift in Sources */,
				B6E308762BD002B70032B923 /* AppDelegate.swift in Sources */,
				B649B7462C0971AB004364C2 /* Int.swift in Sources */,
				B6E308FC2BD011A30032B923 /* FamFonts.swift in Sources */,
				B6E308E72BD0114B0032B923 /* FamIconButton.swift in Sources */,
				B6E308ED2BD0114B0032B923 /* FamButton.swift in Sources */,
				B6E308C12BD00E1D0032B923 /* FamilyMemberRenderProxy.swift in Sources */,
				B67985B52CBB6F4C005E38CB /* Trace.swift in Sources */,
				B6E308C32BD00EBB0032B923 /* FamilyRenderProxy.swift in Sources */,
				B6E308BD2BD009C60032B923 /* Family.swift in Sources */,
				B6E309012BD05CBD0032B923 /* CoupleConnectionRenderProxy.swift in Sources */,
				B6E936D92C32D7A90044AAB9 /* FamilyRenderProxyUtil.swift in Sources */,
				B6E308F02BD0114B0032B923 /* FamLabelledMultilineTextInput.swift in Sources */,
				B649B7482C0971CC004364C2 /* Double.swift in Sources */,
				B6E308E62BD0114B0032B923 /* FamText.swift in Sources */,
				B6E936DB2C3847440044AAB9 /* HorizontalDirection.swift in Sources */,
				B6E308B92BD0059E0032B923 /* NumericComparisons.swift in Sources */,
				B6285ED32CC362ED00218C94 /* TestUtils.swift in Sources */,
				B67985AE2CBA7F33005E38CB /* MockFamilies.swift in Sources */,
				B6E308F22BD0114B0032B923 /* FamLabelledTextInput.swift in Sources */,
				B6E308F12BD0114B0032B923 /* FamImage.swift in Sources */,
				B6E308782BD002B70032B923 /* SceneDelegate.swift in Sources */,
				B6E308E02BD0114B0032B923 /* FamScrollView.swift in Sources */,
				B6E308E82BD0114B0032B923 /* FamChipButton.swift in Sources */,
				B6E308DE2BD0114B0032B923 /* FamVStack.swift in Sources */,
				B6E308EE2BD0114B0032B923 /* FamSegmentedSlider.swift in Sources */,
			);
			runOnlyForDeploymentPostprocessing = 0;
		};
		B6E308842BD002B80032B923 /* Sources */ = {
			isa = PBXSourcesBuildPhase;
			buildActionMask = 2147483647;
			files = (
				B67985AB2CBA7D36005E38CB /* FamilyRenderProxyTests.swift in Sources */,
				B67985B02CBB38E1005E38CB /* FamilyRenderProxyRegressionTests.swift in Sources */,
			);
			runOnlyForDeploymentPostprocessing = 0;
		};
		B6E3088E2BD002B80032B923 /* Sources */ = {
			isa = PBXSourcesBuildPhase;
			buildActionMask = 2147483647;
			files = (
				B6E308972BD002B80032B923 /* FamUITests.swift in Sources */,
				B6E308992BD002B80032B923 /* FamUITestsLaunchTests.swift in Sources */,
			);
			runOnlyForDeploymentPostprocessing = 0;
		};
/* End PBXSourcesBuildPhase section */

/* Begin PBXTargetDependency section */
		B6E3088A2BD002B80032B923 /* PBXTargetDependency */ = {
			isa = PBXTargetDependency;
			target = B6E308712BD002B70032B923 /* Fam */;
			targetProxy = B6E308892BD002B80032B923 /* PBXContainerItemProxy */;
		};
		B6E308942BD002B80032B923 /* PBXTargetDependency */ = {
			isa = PBXTargetDependency;
			target = B6E308712BD002B70032B923 /* Fam */;
			targetProxy = B6E308932BD002B80032B923 /* PBXContainerItemProxy */;
		};
/* End PBXTargetDependency section */

/* Begin PBXVariantGroup section */
		B6E3087B2BD002B70032B923 /* Main.storyboard */ = {
			isa = PBXVariantGroup;
			children = (
				B6E3087C2BD002B70032B923 /* Base */,
			);
			name = Main.storyboard;
			sourceTree = "<group>";
		};
		B6E308802BD002B80032B923 /* LaunchScreen.storyboard */ = {
			isa = PBXVariantGroup;
			children = (
				B6E308812BD002B80032B923 /* Base */,
			);
			name = LaunchScreen.storyboard;
			sourceTree = "<group>";
		};
/* End PBXVariantGroup section */

/* Begin XCBuildConfiguration section */
		B6E3089A2BD002B80032B923 /* Debug */ = {
			isa = XCBuildConfiguration;
			buildSettings = {
				ALWAYS_SEARCH_USER_PATHS = NO;
				ASSETCATALOG_COMPILER_GENERATE_SWIFT_ASSET_SYMBOL_EXTENSIONS = YES;
				CLANG_ANALYZER_NONNULL = YES;
				CLANG_ANALYZER_NUMBER_OBJECT_CONVERSION = YES_AGGRESSIVE;
				CLANG_CXX_LANGUAGE_STANDARD = "gnu++20";
				CLANG_ENABLE_MODULES = YES;
				CLANG_ENABLE_OBJC_ARC = YES;
				CLANG_ENABLE_OBJC_WEAK = YES;
				CLANG_WARN_BLOCK_CAPTURE_AUTORELEASING = YES;
				CLANG_WARN_BOOL_CONVERSION = YES;
				CLANG_WARN_COMMA = YES;
				CLANG_WARN_CONSTANT_CONVERSION = YES;
				CLANG_WARN_DEPRECATED_OBJC_IMPLEMENTATIONS = YES;
				CLANG_WARN_DIRECT_OBJC_ISA_USAGE = YES_ERROR;
				CLANG_WARN_DOCUMENTATION_COMMENTS = YES;
				CLANG_WARN_EMPTY_BODY = YES;
				CLANG_WARN_ENUM_CONVERSION = YES;
				CLANG_WARN_INFINITE_RECURSION = YES;
				CLANG_WARN_INT_CONVERSION = YES;
				CLANG_WARN_NON_LITERAL_NULL_CONVERSION = YES;
				CLANG_WARN_OBJC_IMPLICIT_RETAIN_SELF = YES;
				CLANG_WARN_OBJC_LITERAL_CONVERSION = YES;
				CLANG_WARN_OBJC_ROOT_CLASS = YES_ERROR;
				CLANG_WARN_QUOTED_INCLUDE_IN_FRAMEWORK_HEADER = YES;
				CLANG_WARN_RANGE_LOOP_ANALYSIS = YES;
				CLANG_WARN_STRICT_PROTOTYPES = YES;
				CLANG_WARN_SUSPICIOUS_MOVE = YES;
				CLANG_WARN_UNGUARDED_AVAILABILITY = YES_AGGRESSIVE;
				CLANG_WARN_UNREACHABLE_CODE = YES;
				CLANG_WARN__DUPLICATE_METHOD_MATCH = YES;
				COPY_PHASE_STRIP = NO;
				DEBUG_INFORMATION_FORMAT = dwarf;
				ENABLE_STRICT_OBJC_MSGSEND = YES;
				ENABLE_TESTABILITY = YES;
				ENABLE_USER_SCRIPT_SANDBOXING = YES;
				GCC_C_LANGUAGE_STANDARD = gnu17;
				GCC_DYNAMIC_NO_PIC = NO;
				GCC_NO_COMMON_BLOCKS = YES;
				GCC_OPTIMIZATION_LEVEL = 0;
				GCC_PREPROCESSOR_DEFINITIONS = (
					"DEBUG=1",
					"$(inherited)",
				);
				GCC_WARN_64_TO_32_BIT_CONVERSION = YES;
				GCC_WARN_ABOUT_RETURN_TYPE = YES_ERROR;
				GCC_WARN_UNDECLARED_SELECTOR = YES;
				GCC_WARN_UNINITIALIZED_AUTOS = YES_AGGRESSIVE;
				GCC_WARN_UNUSED_FUNCTION = YES;
				GCC_WARN_UNUSED_VARIABLE = YES;
				IPHONEOS_DEPLOYMENT_TARGET = 17.2;
				LOCALIZATION_PREFERS_STRING_CATALOGS = YES;
				MTL_ENABLE_DEBUG_INFO = INCLUDE_SOURCE;
				MTL_FAST_MATH = YES;
				ONLY_ACTIVE_ARCH = YES;
				SDKROOT = iphoneos;
				SWIFT_ACTIVE_COMPILATION_CONDITIONS = "DEBUG $(inherited)";
				SWIFT_OPTIMIZATION_LEVEL = "-Onone";
			};
			name = Debug;
		};
		B6E3089B2BD002B80032B923 /* Release */ = {
			isa = XCBuildConfiguration;
			buildSettings = {
				ALWAYS_SEARCH_USER_PATHS = NO;
				ASSETCATALOG_COMPILER_GENERATE_SWIFT_ASSET_SYMBOL_EXTENSIONS = YES;
				CLANG_ANALYZER_NONNULL = YES;
				CLANG_ANALYZER_NUMBER_OBJECT_CONVERSION = YES_AGGRESSIVE;
				CLANG_CXX_LANGUAGE_STANDARD = "gnu++20";
				CLANG_ENABLE_MODULES = YES;
				CLANG_ENABLE_OBJC_ARC = YES;
				CLANG_ENABLE_OBJC_WEAK = YES;
				CLANG_WARN_BLOCK_CAPTURE_AUTORELEASING = YES;
				CLANG_WARN_BOOL_CONVERSION = YES;
				CLANG_WARN_COMMA = YES;
				CLANG_WARN_CONSTANT_CONVERSION = YES;
				CLANG_WARN_DEPRECATED_OBJC_IMPLEMENTATIONS = YES;
				CLANG_WARN_DIRECT_OBJC_ISA_USAGE = YES_ERROR;
				CLANG_WARN_DOCUMENTATION_COMMENTS = YES;
				CLANG_WARN_EMPTY_BODY = YES;
				CLANG_WARN_ENUM_CONVERSION = YES;
				CLANG_WARN_INFINITE_RECURSION = YES;
				CLANG_WARN_INT_CONVERSION = YES;
				CLANG_WARN_NON_LITERAL_NULL_CONVERSION = YES;
				CLANG_WARN_OBJC_IMPLICIT_RETAIN_SELF = YES;
				CLANG_WARN_OBJC_LITERAL_CONVERSION = YES;
				CLANG_WARN_OBJC_ROOT_CLASS = YES_ERROR;
				CLANG_WARN_QUOTED_INCLUDE_IN_FRAMEWORK_HEADER = YES;
				CLANG_WARN_RANGE_LOOP_ANALYSIS = YES;
				CLANG_WARN_STRICT_PROTOTYPES = YES;
				CLANG_WARN_SUSPICIOUS_MOVE = YES;
				CLANG_WARN_UNGUARDED_AVAILABILITY = YES_AGGRESSIVE;
				CLANG_WARN_UNREACHABLE_CODE = YES;
				CLANG_WARN__DUPLICATE_METHOD_MATCH = YES;
				COPY_PHASE_STRIP = NO;
				DEBUG_INFORMATION_FORMAT = "dwarf-with-dsym";
				ENABLE_NS_ASSERTIONS = NO;
				ENABLE_STRICT_OBJC_MSGSEND = YES;
				ENABLE_USER_SCRIPT_SANDBOXING = YES;
				GCC_C_LANGUAGE_STANDARD = gnu17;
				GCC_NO_COMMON_BLOCKS = YES;
				GCC_WARN_64_TO_32_BIT_CONVERSION = YES;
				GCC_WARN_ABOUT_RETURN_TYPE = YES_ERROR;
				GCC_WARN_UNDECLARED_SELECTOR = YES;
				GCC_WARN_UNINITIALIZED_AUTOS = YES_AGGRESSIVE;
				GCC_WARN_UNUSED_FUNCTION = YES;
				GCC_WARN_UNUSED_VARIABLE = YES;
				IPHONEOS_DEPLOYMENT_TARGET = 17.2;
				LOCALIZATION_PREFERS_STRING_CATALOGS = YES;
				MTL_ENABLE_DEBUG_INFO = NO;
				MTL_FAST_MATH = YES;
				SDKROOT = iphoneos;
				SWIFT_COMPILATION_MODE = wholemodule;
				VALIDATE_PRODUCT = YES;
			};
			name = Release;
		};
		B6E3089D2BD002B80032B923 /* Debug */ = {
			isa = XCBuildConfiguration;
			buildSettings = {
				ASSETCATALOG_COMPILER_APPICON_NAME = AppIcon;
				ASSETCATALOG_COMPILER_GLOBAL_ACCENT_COLOR_NAME = AccentColor;
				CODE_SIGN_STYLE = Automatic;
				CURRENT_PROJECT_VERSION = 1;
				DEVELOPMENT_TEAM = W9DP42NB5D;
				GENERATE_INFOPLIST_FILE = YES;
				INFOPLIST_FILE = Fam/App/Info.plist;
				INFOPLIST_KEY_UIApplicationSupportsIndirectInputEvents = YES;
				INFOPLIST_KEY_UILaunchStoryboardName = LaunchScreen;
				INFOPLIST_KEY_UIMainStoryboardFile = Main;
				INFOPLIST_KEY_UISupportedInterfaceOrientations_iPad = "UIInterfaceOrientationPortrait UIInterfaceOrientationPortraitUpsideDown UIInterfaceOrientationLandscapeLeft UIInterfaceOrientationLandscapeRight";
				INFOPLIST_KEY_UISupportedInterfaceOrientations_iPhone = "UIInterfaceOrientationPortrait UIInterfaceOrientationLandscapeLeft UIInterfaceOrientationLandscapeRight";
				LD_RUNPATH_SEARCH_PATHS = (
					"$(inherited)",
					"@executable_path/Frameworks",
				);
				MARKETING_VERSION = 1.0;
				PRODUCT_BUNDLE_IDENTIFIER = andrepham.Fam;
				PRODUCT_NAME = "$(TARGET_NAME)";
				SWIFT_EMIT_LOC_STRINGS = YES;
				SWIFT_VERSION = 5.0;
				TARGETED_DEVICE_FAMILY = "1,2";
			};
			name = Debug;
		};
		B6E3089E2BD002B80032B923 /* Release */ = {
			isa = XCBuildConfiguration;
			buildSettings = {
				ASSETCATALOG_COMPILER_APPICON_NAME = AppIcon;
				ASSETCATALOG_COMPILER_GLOBAL_ACCENT_COLOR_NAME = AccentColor;
				CODE_SIGN_STYLE = Automatic;
				CURRENT_PROJECT_VERSION = 1;
				DEVELOPMENT_TEAM = W9DP42NB5D;
				GENERATE_INFOPLIST_FILE = YES;
				INFOPLIST_FILE = Fam/App/Info.plist;
				INFOPLIST_KEY_UIApplicationSupportsIndirectInputEvents = YES;
				INFOPLIST_KEY_UILaunchStoryboardName = LaunchScreen;
				INFOPLIST_KEY_UIMainStoryboardFile = Main;
				INFOPLIST_KEY_UISupportedInterfaceOrientations_iPad = "UIInterfaceOrientationPortrait UIInterfaceOrientationPortraitUpsideDown UIInterfaceOrientationLandscapeLeft UIInterfaceOrientationLandscapeRight";
				INFOPLIST_KEY_UISupportedInterfaceOrientations_iPhone = "UIInterfaceOrientationPortrait UIInterfaceOrientationLandscapeLeft UIInterfaceOrientationLandscapeRight";
				LD_RUNPATH_SEARCH_PATHS = (
					"$(inherited)",
					"@executable_path/Frameworks",
				);
				MARKETING_VERSION = 1.0;
				PRODUCT_BUNDLE_IDENTIFIER = andrepham.Fam;
				PRODUCT_NAME = "$(TARGET_NAME)";
				SWIFT_EMIT_LOC_STRINGS = YES;
				SWIFT_VERSION = 5.0;
				TARGETED_DEVICE_FAMILY = "1,2";
			};
			name = Release;
		};
		B6E308A02BD002B80032B923 /* Debug */ = {
			isa = XCBuildConfiguration;
			buildSettings = {
				ALWAYS_EMBED_SWIFT_STANDARD_LIBRARIES = YES;
				BUNDLE_LOADER = "$(TEST_HOST)";
				CODE_SIGN_STYLE = Automatic;
				CURRENT_PROJECT_VERSION = 1;
				DEVELOPMENT_TEAM = W9DP42NB5D;
				GENERATE_INFOPLIST_FILE = YES;
				IPHONEOS_DEPLOYMENT_TARGET = 17.2;
				MARKETING_VERSION = 1.0;
				PRODUCT_BUNDLE_IDENTIFIER = andrepham.FamTests;
				PRODUCT_NAME = "$(TARGET_NAME)";
				SWIFT_EMIT_LOC_STRINGS = NO;
				SWIFT_VERSION = 5.0;
				TARGETED_DEVICE_FAMILY = "1,2";
				TEST_HOST = "$(BUILT_PRODUCTS_DIR)/Fam.app/$(BUNDLE_EXECUTABLE_FOLDER_PATH)/Fam";
			};
			name = Debug;
		};
		B6E308A12BD002B80032B923 /* Release */ = {
			isa = XCBuildConfiguration;
			buildSettings = {
				ALWAYS_EMBED_SWIFT_STANDARD_LIBRARIES = YES;
				BUNDLE_LOADER = "$(TEST_HOST)";
				CODE_SIGN_STYLE = Automatic;
				CURRENT_PROJECT_VERSION = 1;
				DEVELOPMENT_TEAM = W9DP42NB5D;
				GENERATE_INFOPLIST_FILE = YES;
				IPHONEOS_DEPLOYMENT_TARGET = 17.2;
				MARKETING_VERSION = 1.0;
				PRODUCT_BUNDLE_IDENTIFIER = andrepham.FamTests;
				PRODUCT_NAME = "$(TARGET_NAME)";
				SWIFT_EMIT_LOC_STRINGS = NO;
				SWIFT_VERSION = 5.0;
				TARGETED_DEVICE_FAMILY = "1,2";
				TEST_HOST = "$(BUILT_PRODUCTS_DIR)/Fam.app/$(BUNDLE_EXECUTABLE_FOLDER_PATH)/Fam";
			};
			name = Release;
		};
		B6E308A32BD002B80032B923 /* Debug */ = {
			isa = XCBuildConfiguration;
			buildSettings = {
				ALWAYS_EMBED_SWIFT_STANDARD_LIBRARIES = YES;
				CODE_SIGN_STYLE = Automatic;
				CURRENT_PROJECT_VERSION = 1;
				DEVELOPMENT_TEAM = W9DP42NB5D;
				GENERATE_INFOPLIST_FILE = YES;
				MARKETING_VERSION = 1.0;
				PRODUCT_BUNDLE_IDENTIFIER = andrepham.FamUITests;
				PRODUCT_NAME = "$(TARGET_NAME)";
				SWIFT_EMIT_LOC_STRINGS = NO;
				SWIFT_VERSION = 5.0;
				TARGETED_DEVICE_FAMILY = "1,2";
				TEST_TARGET_NAME = Fam;
			};
			name = Debug;
		};
		B6E308A42BD002B80032B923 /* Release */ = {
			isa = XCBuildConfiguration;
			buildSettings = {
				ALWAYS_EMBED_SWIFT_STANDARD_LIBRARIES = YES;
				CODE_SIGN_STYLE = Automatic;
				CURRENT_PROJECT_VERSION = 1;
				DEVELOPMENT_TEAM = W9DP42NB5D;
				GENERATE_INFOPLIST_FILE = YES;
				MARKETING_VERSION = 1.0;
				PRODUCT_BUNDLE_IDENTIFIER = andrepham.FamUITests;
				PRODUCT_NAME = "$(TARGET_NAME)";
				SWIFT_EMIT_LOC_STRINGS = NO;
				SWIFT_VERSION = 5.0;
				TARGETED_DEVICE_FAMILY = "1,2";
				TEST_TARGET_NAME = Fam;
			};
			name = Release;
		};
/* End XCBuildConfiguration section */

/* Begin XCConfigurationList section */
		B6E3086D2BD002B70032B923 /* Build configuration list for PBXProject "Fam" */ = {
			isa = XCConfigurationList;
			buildConfigurations = (
				B6E3089A2BD002B80032B923 /* Debug */,
				B6E3089B2BD002B80032B923 /* Release */,
			);
			defaultConfigurationIsVisible = 0;
			defaultConfigurationName = Release;
		};
		B6E3089C2BD002B80032B923 /* Build configuration list for PBXNativeTarget "Fam" */ = {
			isa = XCConfigurationList;
			buildConfigurations = (
				B6E3089D2BD002B80032B923 /* Debug */,
				B6E3089E2BD002B80032B923 /* Release */,
			);
			defaultConfigurationIsVisible = 0;
			defaultConfigurationName = Release;
		};
		B6E3089F2BD002B80032B923 /* Build configuration list for PBXNativeTarget "FamTests" */ = {
			isa = XCConfigurationList;
			buildConfigurations = (
				B6E308A02BD002B80032B923 /* Debug */,
				B6E308A12BD002B80032B923 /* Release */,
			);
			defaultConfigurationIsVisible = 0;
			defaultConfigurationName = Release;
		};
		B6E308A22BD002B80032B923 /* Build configuration list for PBXNativeTarget "FamUITests" */ = {
			isa = XCConfigurationList;
			buildConfigurations = (
				B6E308A32BD002B80032B923 /* Debug */,
				B6E308A42BD002B80032B923 /* Release */,
			);
			defaultConfigurationIsVisible = 0;
			defaultConfigurationName = Release;
		};
/* End XCConfigurationList section */

/* Begin XCRemoteSwiftPackageReference section */
		B6E308A52BD003290032B923 /* XCRemoteSwiftPackageReference "SwiftSerialization" */ = {
			isa = XCRemoteSwiftPackageReference;
			repositoryURL = "https://github.com/Andre-Pham/SwiftSerialization.git";
			requirement = {
				kind = upToNextMajorVersion;
				minimumVersion = 2.0.1;
			};
		};
		B6E308A82BD003360032B923 /* XCRemoteSwiftPackageReference "SwiftMath" */ = {
			isa = XCRemoteSwiftPackageReference;
			repositoryURL = "https://github.com/Andre-Pham/SwiftMath";
			requirement = {
				branch = main;
				kind = branch;
			};
		};
/* End XCRemoteSwiftPackageReference section */

/* Begin XCSwiftPackageProductDependency section */
		B6E308A62BD003290032B923 /* SwiftSerialization */ = {
			isa = XCSwiftPackageProductDependency;
			package = B6E308A52BD003290032B923 /* XCRemoteSwiftPackageReference "SwiftSerialization" */;
			productName = SwiftSerialization;
		};
		B6E308A92BD003360032B923 /* SwiftMath */ = {
			isa = XCSwiftPackageProductDependency;
			package = B6E308A82BD003360032B923 /* XCRemoteSwiftPackageReference "SwiftMath" */;
			productName = SwiftMath;
		};
/* End XCSwiftPackageProductDependency section */
	};
	rootObject = B6E3086A2BD002B70032B923 /* Project object */;
}
