{
  "pins" : [
    {
      "identity" : "swiftmath",
      "kind" : "remoteSourceControl",
      "location" : "https://github.com/Andre-Pham/SwiftMath",
      "state" : {
        "branch" : "main",
        "revision" : "98b98d9513378e0fe3aadbb0a4e276fc23579167"
      }
    },
    {
      "identity" : "swiftserialization",
      "kind" : "remoteSourceControl",
      "location" : "https://github.com/Andre-Pham/SwiftSerialization.git",
      "state" : {
        "revision" : "8642876acf667390685661f14dd79e6a438f55bf",
        "version" : "2.0.1"
      }
    },
    {
      "identity" : "swiftyjson",
      "kind" : "remoteSourceControl",
      "location" : "https://github.com/SwiftyJSON/SwiftyJSON",
      "state" : {
        "revision" : "af76cf3ef710b6ca5f8c05f3a31307d44a3c5828",
        "version" : "5.0.2"
      }
    }
  ],
  "version" : 2
}
