{
  "originHash" : "753286f743d0865aa7e2e010f4365955f198d34e7000161a4601ba89824869d5",
  "pins" : [
    {
      "identity" : "swiftmath",
      "kind" : "remoteSourceControl",
      "location" : "https://github.com/Andre-Pham/SwiftMath",
      "state" : {
        "branch" : "main",
        "revision" : "3c8c81b6951762d7ffddd5a07fd4823baf77cd07"
      }
    },
    {
      "identity" : "swiftserialization",
      "kind" : "remoteSourceControl",
      "location" : "https://github.com/Andre-Pham/SwiftSerialization.git",
      "state" : {
        "revision" : "8642876acf667390685661f14dd79e6a438f55bf",
        "version" : "2.0.1"
      }
    },
    {
      "identity" : "swiftyjson",
      "kind" : "remoteSourceControl",
      "location" : "https://github.com/SwiftyJSON/SwiftyJSON",
      "state" : {
        "revision" : "af76cf3ef710b6ca5f8c05f3a31307d44a3c5828",
        "version" : "5.0.2"
      }
    }
  ],
  "version" : 3
}
